
Microsoft Visual Studio Solution File, Format Version 11.00
# Visual C# Express 2010
Project("{FAE04EC0-301F-11D3-BF4B-00C04F79EFBC}") = "DennyTalk", "DennyTalk\DennyTalk.csproj", "{7EFE2106-91E2-4AFA-AA41-654CE4F8615E}"
EndProject
Project("{FAE04EC0-301F-11D3-BF4B-00C04F79EFBC}") = "DennyTalkCore", "DennyTalkCore\DennyTalkCore.csproj", "{3066BD4F-1116-4B2F-83CD-CC08C3DC4043}"
EndProject
Project("{FAE04EC0-301F-11D3-BF4B-00C04F79EFBC}") = "Common", "Common\Common.csproj", "{8D8BE970-A944-41EA-BB43-16C6BA98935D}"
EndProject
Global
	GlobalSection(SolutionConfigurationPlatforms) = preSolution
		Debug|x86 = Debug|x86
		Release|x86 = Release|x86
	EndGlobalSection
	GlobalSection(ProjectConfigurationPlatforms) = postSolution
		{7EFE2106-91E2-4AFA-AA41-654CE4F8615E}.Debug|x86.ActiveCfg = Debug|x86
		{7EFE2106-91E2-4AFA-AA41-654CE4F8615E}.Release|x86.ActiveCfg = Debug|x86
		{3066BD4F-1116-4B2F-83CD-CC08C3DC4043}.Debug|x86.ActiveCfg = Debug|Any CPU
		{3066BD4F-1116-4B2F-83CD-CC08C3DC4043}.Release|x86.ActiveCfg = Release|Any CPU
		{8D8BE970-A944-41EA-BB43-16C6BA98935D}.Debug|x86.ActiveCfg = Debug|Any CPU
		{8D8BE970-A944-41EA-BB43-16C6BA98935D}.Release|x86.ActiveCfg = Release|Any CPU
	EndGlobalSection
	GlobalSection(SolutionProperties) = preSolution
		HideSolutionNode = FALSE
	EndGlobalSection
EndGlobal
